
Microsoft Visual Studio Solution File, Format Version 12.00
# Visual Studio Version 17
VisualStudioVersion = 17.0.31903.59
MinimumVisualStudioVersion = 10.0.40219.1
Project("{2150E333-8FDC-42A3-9474-1A3956D46DE8}") = "src", "src", "{1FE49C5D-D0DC-40CF-9C65-2D6BC7E82D44}"
EndProject
Project("{FAE04EC0-301F-11D3-BF4B-00C04F79EFBC}") = "BackupApp.Domain", "src\BackupApp.Domain\BackupApp.Domain.csproj", "{3A66A78A-6077-40E6-B6B8-BBD69CD64D77}"
EndProject
Project("{FAE04EC0-301F-11D3-BF4B-00C04F79EFBC}") = "BackupApp.Catalog", "src\BackupApp.Catalog\BackupApp.Catalog.csproj", "{AD211968-0883-47C6-9E1E-DB49B9E92837}"
EndProject
Project("{FAE04EC0-301F-11D3-BF4B-00C04F79EFBC}") = "BackupApp.Crypto", "src\BackupApp.Crypto\BackupApp.Crypto.csproj", "{A2A74EC0-DD0C-4933-B138-E8CB5D81FFC9}"
EndProject
Project("{FAE04EC0-301F-11D3-BF4B-00C04F79EFBC}") = "BackupApp.Storage", "src\BackupApp.Storage\BackupApp.Storage.csproj", "{79571A09-A2C8-48D6-9BDA-32E2917F051F}"
EndProject
Project("{FAE04EC0-301F-11D3-BF4B-00C04F79EFBC}") = "BackupApp.Storage.Telegram", "src\BackupApp.Storage.Telegram\BackupApp.Storage.Telegram.csproj", "{F734F2F9-D38B-4FD7-8655-2A668F31FF40}"
EndProject
Project("{FAE04EC0-301F-11D3-BF4B-00C04F79EFBC}") = "BackupApp.BackupEngine", "src\BackupApp.BackupEngine\BackupApp.BackupEngine.csproj", "{F2593873-4672-4094-A90D-CE0636A9EE2C}"
EndProject
Project("{FAE04EC0-301F-11D3-BF4B-00C04F79EFBC}") = "BackupApp.RestoreEngine", "src\BackupApp.RestoreEngine\BackupApp.RestoreEngine.csproj", "{35C822EC-AF18-439C-A834-48D48C81295E}"
EndProject
Project("{FAE04EC0-301F-11D3-BF4B-00C04F79EFBC}") = "BackupApp.Scheduler", "src\BackupApp.Scheduler\BackupApp.Scheduler.csproj", "{939245C4-16A8-437F-ADCD-BCC90ACA376A}"
EndProject
Project("{FAE04EC0-301F-11D3-BF4B-00C04F79EFBC}") = "BackupApp.Platform.Windows", "src\BackupApp.Platform.Windows\BackupApp.Platform.Windows.csproj", "{5597E91C-8EF5-4F76-8591-130528C9B4E4}"
EndProject
Project("{FAE04EC0-301F-11D3-BF4B-00C04F79EFBC}") = "BackupApp.UI", "src\BackupApp.UI\BackupApp.UI.csproj", "{C0D1E7F2-DE9A-4CB3-B205-96CA01C679E6}"
EndProject
Project("{2150E333-8FDC-42A3-9474-1A3956D46DE8}") = "tests", "tests", "{2868DB41-4B6B-44D8-8008-B47459A75642}"
EndProject
Project("{FAE04EC0-301F-11D3-BF4B-00C04F79EFBC}") = "BackupApp.UnitTests", "tests\BackupApp.UnitTests\BackupApp.UnitTests.csproj", "{6B36D8E6-3F0F-4185-9A20-8CA821A11F1C}"
EndProject
Project("{FAE04EC0-301F-11D3-BF4B-00C04F79EFBC}") = "BackupApp.CryptoTests", "tests\BackupApp.CryptoTests\BackupApp.CryptoTests.csproj", "{5098B4CB-370D-4C55-BB34-02B3403C82A0}"
EndProject
Project("{FAE04EC0-301F-11D3-BF4B-00C04F79EFBC}") = "BackupApp.StressTests", "tests\BackupApp.StressTests\BackupApp.StressTests.csproj", "{C0A6147A-E244-45A0-9C78-D399C9C0E9EA}"
EndProject
Global
	GlobalSection(SolutionConfigurationPlatforms) = preSolution
		Debug|Any CPU = Debug|Any CPU
		Release|Any CPU = Release|Any CPU
	EndGlobalSection
	GlobalSection(SolutionProperties) = preSolution
		HideSolutionNode = FALSE
	EndGlobalSection
	GlobalSection(ProjectConfigurationPlatforms) = postSolution
		{3A66A78A-6077-40E6-B6B8-BBD69CD64D77}.Debug|Any CPU.ActiveCfg = Debug|Any CPU
		{3A66A78A-6077-40E6-B6B8-BBD69CD64D77}.Debug|Any CPU.Build.0 = Debug|Any CPU
		{3A66A78A-6077-40E6-B6B8-BBD69CD64D77}.Release|Any CPU.ActiveCfg = Release|Any CPU
		{3A66A78A-6077-40E6-B6B8-BBD69CD64D77}.Release|Any CPU.Build.0 = Release|Any CPU
		{AD211968-0883-47C6-9E1E-DB49B9E92837}.Debug|Any CPU.ActiveCfg = Debug|Any CPU
		{AD211968-0883-47C6-9E1E-DB49B9E92837}.Debug|Any CPU.Build.0 = Debug|Any CPU
		{AD211968-0883-47C6-9E1E-DB49B9E92837}.Release|Any CPU.ActiveCfg = Release|Any CPU
		{AD211968-0883-47C6-9E1E-DB49B9E92837}.Release|Any CPU.Build.0 = Release|Any CPU
		{A2A74EC0-DD0C-4933-B138-E8CB5D81FFC9}.Debug|Any CPU.ActiveCfg = Debug|Any CPU
		{A2A74EC0-DD0C-4933-B138-E8CB5D81FFC9}.Debug|Any CPU.Build.0 = Debug|Any CPU
		{A2A74EC0-DD0C-4933-B138-E8CB5D81FFC9}.Release|Any CPU.ActiveCfg = Release|Any CPU
		{A2A74EC0-DD0C-4933-B138-E8CB5D81FFC9}.Release|Any CPU.Build.0 = Release|Any CPU
		{79571A09-A2C8-48D6-9BDA-32E2917F051F}.Debug|Any CPU.ActiveCfg = Debug|Any CPU
		{79571A09-A2C8-48D6-9BDA-32E2917F051F}.Debug|Any CPU.Build.0 = Debug|Any CPU
		{79571A09-A2C8-48D6-9BDA-32E2917F051F}.Release|Any CPU.ActiveCfg = Release|Any CPU
		{79571A09-A2C8-48D6-9BDA-32E2917F051F}.Release|Any CPU.Build.0 = Release|Any CPU
		{F734F2F9-D38B-4FD7-8655-2A668F31FF40}.Debug|Any CPU.ActiveCfg = Debug|Any CPU
		{F734F2F9-D38B-4FD7-8655-2A668F31FF40}.Debug|Any CPU.Build.0 = Debug|Any CPU
		{F734F2F9-D38B-4FD7-8655-2A668F31FF40}.Release|Any CPU.ActiveCfg = Release|Any CPU
		{F734F2F9-D38B-4FD7-8655-2A668F31FF40}.Release|Any CPU.Build.0 = Release|Any CPU
		{F2593873-4672-4094-A90D-CE0636A9EE2C}.Debug|Any CPU.ActiveCfg = Debug|Any CPU
		{F2593873-4672-4094-A90D-CE0636A9EE2C}.Debug|Any CPU.Build.0 = Debug|Any CPU
		{F2593873-4672-4094-A90D-CE0636A9EE2C}.Release|Any CPU.ActiveCfg = Release|Any CPU
		{F2593873-4672-4094-A90D-CE0636A9EE2C}.Release|Any CPU.Build.0 = Release|Any CPU
		{35C822EC-AF18-439C-A834-48D48C81295E}.Debug|Any CPU.ActiveCfg = Debug|Any CPU
		{35C822EC-AF18-439C-A834-48D48C81295E}.Debug|Any CPU.Build.0 = Debug|Any CPU
		{35C822EC-AF18-439C-A834-48D48C81295E}.Release|Any CPU.ActiveCfg = Release|Any CPU
		{35C822EC-AF18-439C-A834-48D48C81295E}.Release|Any CPU.Build.0 = Release|Any CPU
		{939245C4-16A8-437F-ADCD-BCC90ACA376A}.Debug|Any CPU.ActiveCfg = Debug|Any CPU
		{939245C4-16A8-437F-ADCD-BCC90ACA376A}.Debug|Any CPU.Build.0 = Debug|Any CPU
		{939245C4-16A8-437F-ADCD-BCC90ACA376A}.Release|Any CPU.ActiveCfg = Release|Any CPU
		{939245C4-16A8-437F-ADCD-BCC90ACA376A}.Release|Any CPU.Build.0 = Release|Any CPU
		{5597E91C-8EF5-4F76-8591-130528C9B4E4}.Debug|Any CPU.ActiveCfg = Debug|Any CPU
		{5597E91C-8EF5-4F76-8591-130528C9B4E4}.Debug|Any CPU.Build.0 = Debug|Any CPU
		{5597E91C-8EF5-4F76-8591-130528C9B4E4}.Release|Any CPU.ActiveCfg = Release|Any CPU
		{5597E91C-8EF5-4F76-8591-130528C9B4E4}.Release|Any CPU.Build.0 = Release|Any CPU
		{C0D1E7F2-DE9A-4CB3-B205-96CA01C679E6}.Debug|Any CPU.ActiveCfg = Debug|Any CPU
		{C0D1E7F2-DE9A-4CB3-B205-96CA01C679E6}.Debug|Any CPU.Build.0 = Debug|Any CPU
		{C0D1E7F2-DE9A-4CB3-B205-96CA01C679E6}.Release|Any CPU.ActiveCfg = Release|Any CPU
		{C0D1E7F2-DE9A-4CB3-B205-96CA01C679E6}.Release|Any CPU.Build.0 = Release|Any CPU
		{6B36D8E6-3F0F-4185-9A20-8CA821A11F1C}.Debug|Any CPU.ActiveCfg = Debug|Any CPU
		{6B36D8E6-3F0F-4185-9A20-8CA821A11F1C}.Debug|Any CPU.Build.0 = Debug|Any CPU
		{6B36D8E6-3F0F-4185-9A20-8CA821A11F1C}.Release|Any CPU.ActiveCfg = Release|Any CPU
		{6B36D8E6-3F0F-4185-9A20-8CA821A11F1C}.Release|Any CPU.Build.0 = Release|Any CPU
		{5098B4CB-370D-4C55-BB34-02B3403C82A0}.Debug|Any CPU.ActiveCfg = Debug|Any CPU
		{5098B4CB-370D-4C55-BB34-02B3403C82A0}.Debug|Any CPU.Build.0 = Debug|Any CPU
		{5098B4CB-370D-4C55-BB34-02B3403C82A0}.Release|Any CPU.ActiveCfg = Release|Any CPU
		{5098B4CB-370D-4C55-BB34-02B3403C82A0}.Release|Any CPU.Build.0 = Release|Any CPU
		{C0A6147A-E244-45A0-9C78-D399C9C0E9EA}.Debug|Any CPU.ActiveCfg = Debug|Any CPU
		{C0A6147A-E244-45A0-9C78-D399C9C0E9EA}.Debug|Any CPU.Build.0 = Debug|Any CPU
		{C0A6147A-E244-45A0-9C78-D399C9C0E9EA}.Release|Any CPU.ActiveCfg = Release|Any CPU
		{C0A6147A-E244-45A0-9C78-D399C9C0E9EA}.Release|Any CPU.Build.0 = Release|Any CPU
	EndGlobalSection
	GlobalSection(NestedProjects) = preSolution
		{3A66A78A-6077-40E6-B6B8-BBD69CD64D77} = {1FE49C5D-D0DC-40CF-9C65-2D6BC7E82D44}
		{AD211968-0883-47C6-9E1E-DB49B9E92837} = {1FE49C5D-D0DC-40CF-9C65-2D6BC7E82D44}
		{A2A74EC0-DD0C-4933-B138-E8CB5D81FFC9} = {1FE49C5D-D0DC-40CF-9C65-2D6BC7E82D44}
		{79571A09-A2C8-48D6-9BDA-32E2917F051F} = {1FE49C5D-D0DC-40CF-9C65-2D6BC7E82D44}
		{F734F2F9-D38B-4FD7-8655-2A668F31FF40} = {1FE49C5D-D0DC-40CF-9C65-2D6BC7E82D44}
		{F2593873-4672-4094-A90D-CE0636A9EE2C} = {1FE49C5D-D0DC-40CF-9C65-2D6BC7E82D44}
		{35C822EC-AF18-439C-A834-48D48C81295E} = {1FE49C5D-D0DC-40CF-9C65-2D6BC7E82D44}
		{939245C4-16A8-437F-ADCD-BCC90ACA376A} = {1FE49C5D-D0DC-40CF-9C65-2D6BC7E82D44}
		{5597E91C-8EF5-4F76-8591-130528C9B4E4} = {1FE49C5D-D0DC-40CF-9C65-2D6BC7E82D44}
		{C0D1E7F2-DE9A-4CB3-B205-96CA01C679E6} = {1FE49C5D-D0DC-40CF-9C65-2D6BC7E82D44}
		{6B36D8E6-3F0F-4185-9A20-8CA821A11F1C} = {2868DB41-4B6B-44D8-8008-B47459A75642}
		{5098B4CB-370D-4C55-BB34-02B3403C82A0} = {2868DB41-4B6B-44D8-8008-B47459A75642}
		{C0A6147A-E244-45A0-9C78-D399C9C0E9EA} = {2868DB41-4B6B-44D8-8008-B47459A75642}
	EndGlobalSection
EndGlobal
