{
  "version": 2,
  "dependencies": {
    "net8.0": {
      "libsodium": {
        "type": "Transitive",
        "resolved": "1.0.19",
        "contentHash": "tupm/HViwBN6Knd/gckR+cLaJGR39GLmiU4iDMM5hp/1BoczMr8fwJhSU+3/C2V4hi9nBK/4FICRKtTLU30TCA=="
      },
      "Microsoft.Data.Sqlite.Core": {
        "type": "Transitive",
        "resolved": "8.0.8",
        "contentHash": "qHInO2EvOcPhjgboP0TGnXM7rASdvWXrw6jAH8Yuz5YP82VTje7d/NKiX1i+dVbE3+G3JuW1kqNVB8yLvsqgYA==",
        "dependencies": {
          "SQLitePCLRaw.core": "2.1.6"
        }
      },
      "SQLitePCLRaw.bundle_e_sqlite3": {
        "type": "Transitive",
        "resolved": "2.1.6",
        "contentHash": "BmAf6XWt4TqtowmiWe4/5rRot6GerAeklmOPfviOvwLoF5WwgxcJHAxZtySuyW9r9w+HLILnm8VfJFLCUJYW8A==",
        "dependencies": {
          "SQLitePCLRaw.lib.e_sqlite3": "2.1.6",
          "SQLitePCLRaw.provider.e_sqlite3": "2.1.6"
        }
      },
      "SQLitePCLRaw.core": {
        "type": "Transitive",
        "resolved": "2.1.6",
        "contentHash": "wO6v9GeMx9CUngAet8hbO7xdm+M42p1XeJq47ogyRoYSvNSp0NGLI+MgC0bhrMk9C17MTVFlLiN6ylyExLCc5w==",
        "dependencies": {
          "System.Memory": "4.5.3"
        }
      },
      "SQLitePCLRaw.lib.e_sqlite3": {
        "type": "Transitive",
        "resolved": "2.1.6",
        "contentHash": "2ObJJLkIUIxRpOUlZNGuD4rICpBnrBR5anjyfUFQep4hMOIeqW+XGQYzrNmHSVz5xSWZ3klSbh7sFR6UyDj68Q=="
      },
      "SQLitePCLRaw.provider.e_sqlite3": {
        "type": "Transitive",
        "resolved": "2.1.6",
        "contentHash": "PQ2Oq3yepLY4P7ll145P3xtx2bX8xF4PzaKPRpw9jZlKvfe4LE/saAV82inND9usn1XRpmxXk7Lal3MTI+6CNg==",
        "dependencies": {
          "SQLitePCLRaw.core": "2.1.6"
        }
      },
      "System.Memory": {
        "type": "Transitive",
        "resolved": "4.5.3",
        "contentHash": "3oDzvc/zzetpTKWMShs1AADwZjQ/36HnsufHRPcOjyRAAMLDlu2iD33MBI2opxnezcVUtXyqDXXjoFMOU9c7SA=="
      },
      "backupapp.catalog": {
        "type": "Project",
        "dependencies": {
          "BackupApp.Domain": "[1.0.0, )",
          "Microsoft.Data.Sqlite": "[8.0.8, )"
        }
      },
      "backupapp.crypto": {
        "type": "Project",
        "dependencies": {
          "BackupApp.Domain": "[1.0.0, )",
          "NSec.Cryptography": "[24.4.0, )"
        }
      },
      "backupapp.domain": {
        "type": "Project"
      },
      "backupapp.storage": {
        "type": "Project",
        "dependencies": {
          "BackupApp.Domain": "[1.0.0, )"
        }
      },
      "Microsoft.Data.Sqlite": {
        "type": "CentralTransitive",
        "requested": "[8.0.8, )",
        "resolved": "8.0.8",
        "contentHash": "Ao+kD9lZpZvvvfLHMR4/UviFGXaWhQ9AVT4fYMl62XWgIPuVIhZqLysmDNiXbsz6Pb87iyyElX2xSfigzKNZNg==",
        "dependencies": {
          "Microsoft.Data.Sqlite.Core": "8.0.8",
          "SQLitePCLRaw.bundle_e_sqlite3": "2.1.6"
        }
      },
      "NSec.Cryptography": {
        "type": "CentralTransitive",
        "requested": "[24.4.0, )",
        "resolved": "24.4.0",
        "contentHash": "R89OF0T5OY9QnPRoTsMCaPKMqtXcWKZSWAO4zyUaFHI+ZRMgXU7WaIwg/rPP3vOfdaLl8HdUHWkDB+2B9FOO7g==",
        "dependencies": {
          "libsodium": "[1.0.19, 1.0.20)"
        }
      }
    }
  }
}